// !$*UTF8*$!
{
	archiveVersion = 1;
	classes = {
	};
	objectVersion = 46;
	objects = {

/* Begin PBXBuildFile section */
		68092D6B19D6868D007E5742 /* NetEaseCloudMusicAPI.m in Sources */ = {isa = PBXBuildFile; fileRef = 68092D6A19D6868D007E5742 /* NetEaseCloudMusicAPI.m */; };
		6873BE2619D680D500709B7E /* main.m in Sources */ = {isa = PBXBuildFile; fileRef = 6873BE2519D680D500709B7E /* main.m */; };
		6873BE2919D680D500709B7E /* ViewController.m in Sources */ = {isa = PBXBuildFile; fileRef = 6873BE2819D680D500709B7E /* ViewController.m */; };
		6873BE2C19D680D500709B7E /* AppDelegate.m in Sources */ = {isa = PBXBuildFile; fileRef = 6873BE2B19D680D500709B7E /* AppDelegate.m */; };
		6873BE2E19D680D500709B7E /* Images.xcassets in Resources */ = {isa = PBXBuildFile; fileRef = 6873BE2D19D680D500709B7E /* Images.xcassets */; };
		6873BE3119D680D500709B7E /* Main.storyboard in Resources */ = {isa = PBXBuildFile; fileRef = 6873BE2F19D680D500709B7E /* Main.storyboard */; };
		6873BE3D19D680D500709B7E /* GangaTests.m in Sources */ = {isa = PBXBuildFile; fileRef = 6873BE3C19D680D500709B7E /* GangaTests.m */; };
		84A851E0E7EA4DF0A0911AD2 /* libPods-Ganga.a in Frameworks */ = {isa = PBXBuildFile; fileRef = A28A674769D7410C902113B0 /* libPods-Ganga.a */; };
/* End PBXBuildFile section */

/* Begin PBXContainerItemProxy section */
		6873BE3719D680D500709B7E /* PBXContainerItemProxy */ = {
			isa = PBXContainerItemProxy;
			containerPortal = 6873BE1819D680D500709B7E /* Project object */;
			proxyType = 1;
			remoteGlobalIDString = 6873BE1F19D680D500709B7E;
			remoteInfo = Ganga;
		};
/* End PBXContainerItemProxy section */

/* Begin PBXFileReference section */
		68092D6919D6868D007E5742 /* NetEaseCloudMusicAPI.h */ = {isa = PBXFileReference; fileEncoding = 4; lastKnownFileType = sourcecode.c.h; path = NetEaseCloudMusicAPI.h; sourceTree = "<group>"; };
		68092D6A19D6868D007E5742 /* NetEaseCloudMusicAPI.m */ = {isa = PBXFileReference; fileEncoding = 4; lastKnownFileType = sourcecode.c.objc; path = NetEaseCloudMusicAPI.m; sourceTree = "<group>"; };
		6873BE2019D680D500709B7E /* Ganga.app */ = {isa = PBXFileReference; explicitFileType = wrapper.application; includeInIndex = 0; path = Ganga.app; sourceTree = BUILT_PRODUCTS_DIR; };
		6873BE2419D680D500709B7E /* Info.plist */ = {isa = PBXFileReference; lastKnownFileType = text.plist.xml; path = Info.plist; sourceTree = "<group>"; };
		6873BE2519D680D500709B7E /* main.m */ = {isa = PBXFileReference; lastKnownFileType = sourcecode.c.objc; path = main.m; sourceTree = "<group>"; };
		6873BE2719D680D500709B7E /* ViewController.h */ = {isa = PBXFileReference; lastKnownFileType = sourcecode.c.h; path = ViewController.h; sourceTree = "<group>"; };
		6873BE2819D680D500709B7E /* ViewController.m */ = {isa = PBXFileReference; lastKnownFileType = sourcecode.c.objc; path = ViewController.m; sourceTree = "<group>"; };
		6873BE2A19D680D500709B7E /* AppDelegate.h */ = {isa = PBXFileReference; lastKnownFileType = sourcecode.c.h; path = AppDelegate.h; sourceTree = "<group>"; };
		6873BE2B19D680D500709B7E /* AppDelegate.m */ = {isa = PBXFileReference; lastKnownFileType = sourcecode.c.objc; path = AppDelegate.m; sourceTree = "<group>"; };
		6873BE2D19D680D500709B7E /* Images.xcassets */ = {isa = PBXFileReference; lastKnownFileType = folder.assetcatalog; path = Images.xcassets; sourceTree = "<group>"; };
		6873BE3019D680D500709B7E /* Base */ = {isa = PBXFileReference; lastKnownFileType = file.storyboard; name = Base; path = Base.lproj/Main.storyboard; sourceTree = "<group>"; };
		6873BE3619D680D500709B7E /* GangaTests.xctest */ = {isa = PBXFileReference; explicitFileType = wrapper.cfbundle; includeInIndex = 0; path = GangaTests.xctest; sourceTree = BUILT_PRODUCTS_DIR; };
		6873BE3B19D680D500709B7E /* Info.plist */ = {isa = PBXFileReference; lastKnownFileType = text.plist.xml; path = Info.plist; sourceTree = "<group>"; };
		6873BE3C19D680D500709B7E /* GangaTests.m */ = {isa = PBXFileReference; lastKnownFileType = sourcecode.c.objc; path = GangaTests.m; sourceTree = "<group>"; };
		872A31E42785476B955F75A7 /* Pods-Ganga.xcconfig */ = {isa = PBXFileReference; includeInIndex = 1; lastKnownFileType = text.xcconfig; name = "Pods-Ganga.xcconfig"; path = "Pods/Pods-Ganga.xcconfig"; sourceTree = "<group>"; };
		A28A674769D7410C902113B0 /* libPods-Ganga.a */ = {isa = PBXFileReference; explicitFileType = archive.ar; includeInIndex = 0; path = "libPods-Ganga.a"; sourceTree = BUILT_PRODUCTS_DIR; };
/* End PBXFileReference section */

/* Begin PBXFrameworksBuildPhase section */
		6873BE1D19D680D500709B7E /* Frameworks */ = {
			isa = PBXFrameworksBuildPhase;
			buildActionMask = 2147483647;
			files = (
				84A851E0E7EA4DF0A0911AD2 /* libPods-Ganga.a in Frameworks */,
			);
			runOnlyForDeploymentPostprocessing = 0;
		};
		6873BE3319D680D500709B7E /* Frameworks */ = {
			isa = PBXFrameworksBuildPhase;
			buildActionMask = 2147483647;
			files = (
			);
			runOnlyForDeploymentPostprocessing = 0;
		};
/* End PBXFrameworksBuildPhase section */

/* Begin PBXGroup section */
		6873BE1719D680D500709B7E = {
			isa = PBXGroup;
			children = (
				6873BE2219D680D500709B7E /* Ganga */,
				6873BE3919D680D500709B7E /* GangaTests */,
				6873BE2119D680D500709B7E /* Products */,
				872A31E42785476B955F75A7 /* Pods-Ganga.xcconfig */,
				8407DE9DEA9549D3AC12BFFC /* Frameworks */,
			);
			sourceTree = "<group>";
		};
		6873BE2119D680D500709B7E /* Products */ = {
			isa = PBXGroup;
			children = (
				6873BE2019D680D500709B7E /* Ganga.app */,
				6873BE3619D680D500709B7E /* GangaTests.xctest */,
			);
			name = Products;
			sourceTree = "<group>";
		};
		6873BE2219D680D500709B7E /* Ganga */ = {
			isa = PBXGroup;
			children = (
				6873BE4619D6852900709B7E /* Library */,
				6873BE2719D680D500709B7E /* ViewController.h */,
				6873BE2819D680D500709B7E /* ViewController.m */,
				6873BE2A19D680D500709B7E /* AppDelegate.h */,
				6873BE2B19D680D500709B7E /* AppDelegate.m */,
				6873BE2D19D680D500709B7E /* Images.xcassets */,
				6873BE2F19D680D500709B7E /* Main.storyboard */,
				6873BE2319D680D500709B7E /* Supporting Files */,
			);
			path = Ganga;
			sourceTree = "<group>";
		};
		6873BE2319D680D500709B7E /* Supporting Files */ = {
			isa = PBXGroup;
			children = (
				6873BE2419D680D500709B7E /* Info.plist */,
				6873BE2519D680D500709B7E /* main.m */,
			);
			name = "Supporting Files";
			sourceTree = "<group>";
		};
		6873BE3919D680D500709B7E /* GangaTests */ = {
			isa = PBXGroup;
			children = (
				6873BE3C19D680D500709B7E /* GangaTests.m */,
				6873BE3A19D680D500709B7E /* Supporting Files */,
			);
			path = GangaTests;
			sourceTree = "<group>";
		};
		6873BE3A19D680D500709B7E /* Supporting Files */ = {
			isa = PBXGroup;
			children = (
				6873BE3B19D680D500709B7E /* Info.plist */,
			);
			name = "Supporting Files";
			sourceTree = "<group>";
		};
		6873BE4619D6852900709B7E /* Library */ = {
			isa = PBXGroup;
			children = (
				6873BE4719D6853200709B7E /* API */,
			);
			path = Library;
			sourceTree = "<group>";
		};
		6873BE4719D6853200709B7E /* API */ = {
			isa = PBXGroup;
			children = (
				68092D6919D6868D007E5742 /* NetEaseCloudMusicAPI.h */,
				68092D6A19D6868D007E5742 /* NetEaseCloudMusicAPI.m */,
			);
			name = API;
			sourceTree = "<group>";
		};
		8407DE9DEA9549D3AC12BFFC /* Frameworks */ = {
			isa = PBXGroup;
			children = (
				A28A674769D7410C902113B0 /* libPods-Ganga.a */,
			);
			name = Frameworks;
			sourceTree = "<group>";
		};
/* End PBXGroup section */

/* Begin PBXNativeTarget section */
		6873BE1F19D680D500709B7E /* Ganga */ = {
			isa = PBXNativeTarget;
			buildConfigurationList = 6873BE4019D680D500709B7E /* Build configuration list for PBXNativeTarget "Ganga" */;
			buildPhases = (
				EA2CFC22283046A9B8CB144B /* Check Pods Manifest.lock */,
				6873BE1C19D680D500709B7E /* Sources */,
				6873BE1D19D680D500709B7E /* Frameworks */,
				6873BE1E19D680D500709B7E /* Resources */,
				8A867DAA27A14FD8B753CE22 /* Copy Pods Resources */,
			);
			buildRules = (
			);
			dependencies = (
			);
			name = Ganga;
			productName = Ganga;
			productReference = 6873BE2019D680D500709B7E /* Ganga.app */;
			productType = "com.apple.product-type.application";
		};
		6873BE3519D680D500709B7E /* GangaTests */ = {
			isa = PBXNativeTarget;
			buildConfigurationList = 6873BE4319D680D500709B7E /* Build configuration list for PBXNativeTarget "GangaTests" */;
			buildPhases = (
				6873BE3219D680D500709B7E /* Sources */,
				6873BE3319D680D500709B7E /* Frameworks */,
				6873BE3419D680D500709B7E /* Resources */,
			);
			buildRules = (
			);
			dependencies = (
				6873BE3819D680D500709B7E /* PBXTargetDependency */,
			);
			name = GangaTests;
			productName = GangaTests;
			productReference = 6873BE3619D680D500709B7E /* GangaTests.xctest */;
			productType = "com.apple.product-type.bundle.unit-test";
		};
/* End PBXNativeTarget section */

/* Begin PBXProject section */
		6873BE1819D680D500709B7E /* Project object */ = {
			isa = PBXProject;
			attributes = {
				LastUpgradeCheck = 0600;
				ORGANIZATIONNAME = 6133Studio;
				TargetAttributes = {
					6873BE1F19D680D500709B7E = {
						CreatedOnToolsVersion = 6.1;
					};
					6873BE3519D680D500709B7E = {
						CreatedOnToolsVersion = 6.1;
						TestTargetID = 6873BE1F19D680D500709B7E;
					};
				};
			};
			buildConfigurationList = 6873BE1B19D680D500709B7E /* Build configuration list for PBXProject "Ganga" */;
			compatibilityVersion = "Xcode 3.2";
			developmentRegion = English;
			hasScannedForEncodings = 0;
			knownRegions = (
				en,
				Base,
			);
			mainGroup = 6873BE1719D680D500709B7E;
			productRefGroup = 6873BE2119D680D500709B7E /* Products */;
			projectDirPath = "";
			projectRoot = "";
			targets = (
				6873BE1F19D680D500709B7E /* Ganga */,
				6873BE3519D680D500709B7E /* GangaTests */,
			);
		};
/* End PBXProject section */

/* Begin PBXResourcesBuildPhase section */
		6873BE1E19D680D500709B7E /* Resources */ = {
			isa = PBXResourcesBuildPhase;
			buildActionMask = 2147483647;
			files = (
				6873BE2E19D680D500709B7E /* Images.xcassets in Resources */,
				6873BE3119D680D500709B7E /* Main.storyboard in Resources */,
			);
			runOnlyForDeploymentPostprocessing = 0;
		};
		6873BE3419D680D500709B7E /* Resources */ = {
			isa = PBXResourcesBuildPhase;
			buildActionMask = 2147483647;
			files = (
			);
			runOnlyForDeploymentPostprocessing = 0;
		};
/* End PBXResourcesBuildPhase section */

/* Begin PBXShellScriptBuildPhase section */
		8A867DAA27A14FD8B753CE22 /* Copy Pods Resources */ = {
			isa = PBXShellScriptBuildPhase;
			buildActionMask = 2147483647;
			files = (
			);
			inputPaths = (
			);
			name = "Copy Pods Resources";
			outputPaths = (
			);
			runOnlyForDeploymentPostprocessing = 0;
			shellPath = /bin/sh;
			shellScript = "\"${SRCROOT}/Pods/Pods-Ganga-resources.sh\"\n";
			showEnvVarsInLog = 0;
		};
		EA2CFC22283046A9B8CB144B /* Check Pods Manifest.lock */ = {
			isa = PBXShellScriptBuildPhase;
			buildActionMask = 2147483647;
			files = (
			);
			inputPaths = (
			);
			name = "Check Pods Manifest.lock";
			outputPaths = (
			);
			runOnlyForDeploymentPostprocessing = 0;
			shellPath = /bin/sh;
			shellScript = "diff \"${PODS_ROOT}/../Podfile.lock\" \"${PODS_ROOT}/Manifest.lock\" > /dev/null\nif [[ $? != 0 ]] ; then\n    cat << EOM\nerror: The sandbox is not in sync with the Podfile.lock. Run 'pod install' or update your CocoaPods installation.\nEOM\n    exit 1\nfi\n";
			showEnvVarsInLog = 0;
		};
/* End PBXShellScriptBuildPhase section */

/* Begin PBXSourcesBuildPhase section */
		6873BE1C19D680D500709B7E /* Sources */ = {
			isa = PBXSourcesBuildPhase;
			buildActionMask = 2147483647;
			files = (
				68092D6B19D6868D007E5742 /* NetEaseCloudMusicAPI.m in Sources */,
				6873BE2919D680D500709B7E /* ViewController.m in Sources */,
				6873BE2619D680D500709B7E /* main.m in Sources */,
				6873BE2C19D680D500709B7E /* AppDelegate.m in Sources */,
			);
			runOnlyForDeploymentPostprocessing = 0;
		};
		6873BE3219D680D500709B7E /* Sources */ = {
			isa = PBXSourcesBuildPhase;
			buildActionMask = 2147483647;
			files = (
				6873BE3D19D680D500709B7E /* GangaTests.m in Sources */,
			);
			runOnlyForDeploymentPostprocessing = 0;
		};
/* End PBXSourcesBuildPhase section */

/* Begin PBXTargetDependency section */
		6873BE3819D680D500709B7E /* PBXTargetDependency */ = {
			isa = PBXTargetDependency;
			target = 6873BE1F19D680D500709B7E /* Ganga */;
			targetProxy = 6873BE3719D680D500709B7E /* PBXContainerItemProxy */;
		};
/* End PBXTargetDependency section */

/* Begin PBXVariantGroup section */
		6873BE2F19D680D500709B7E /* Main.storyboard */ = {
			isa = PBXVariantGroup;
			children = (
				6873BE3019D680D500709B7E /* Base */,
			);
			name = Main.storyboard;
			sourceTree = "<group>";
		};
/* End PBXVariantGroup section */

/* Begin XCBuildConfiguration section */
		6873BE3E19D680D500709B7E /* Debug */ = {
			isa = XCBuildConfiguration;
			buildSettings = {
				ALWAYS_SEARCH_USER_PATHS = NO;
				CLANG_CXX_LANGUAGE_STANDARD = "gnu++0x";
				CLANG_CXX_LIBRARY = "libc++";
				CLANG_ENABLE_MODULES = YES;
				CLANG_ENABLE_OBJC_ARC = YES;
				CLANG_WARN_BOOL_CONVERSION = YES;
				CLANG_WARN_CONSTANT_CONVERSION = YES;
				CLANG_WARN_DIRECT_OBJC_ISA_USAGE = YES_ERROR;
				CLANG_WARN_EMPTY_BODY = YES;
				CLANG_WARN_ENUM_CONVERSION = YES;
				CLANG_WARN_INT_CONVERSION = YES;
				CLANG_WARN_OBJC_ROOT_CLASS = YES_ERROR;
				CLANG_WARN_UNREACHABLE_CODE = YES;
				CLANG_WARN__DUPLICATE_METHOD_MATCH = YES;
				CODE_SIGN_IDENTITY = "-";
				COPY_PHASE_STRIP = NO;
				ENABLE_STRICT_OBJC_MSGSEND = YES;
				GCC_C_LANGUAGE_STANDARD = gnu99;
				GCC_DYNAMIC_NO_PIC = NO;
				GCC_OPTIMIZATION_LEVEL = 0;
				GCC_PREPROCESSOR_DEFINITIONS = (
					"DEBUG=1",
					"$(inherited)",
				);
				GCC_SYMBOLS_PRIVATE_EXTERN = NO;
				GCC_WARN_64_TO_32_BIT_CONVERSION = YES;
				GCC_WARN_ABOUT_RETURN_TYPE = YES_ERROR;
				GCC_WARN_UNDECLARED_SELECTOR = YES;
				GCC_WARN_UNINITIALIZED_AUTOS = YES_AGGRESSIVE;
				GCC_WARN_UNUSED_FUNCTION = YES;
				GCC_WARN_UNUSED_VARIABLE = YES;
				MACOSX_DEPLOYMENT_TARGET = 10.10;
				MTL_ENABLE_DEBUG_INFO = YES;
				ONLY_ACTIVE_ARCH = YES;
				SDKROOT = macosx;
			};
			name = Debug;
		};
		6873BE3F19D680D500709B7E /* Release */ = {
			isa = XCBuildConfiguration;
			buildSettings = {
				ALWAYS_SEARCH_USER_PATHS = NO;
				CLANG_CXX_LANGUAGE_STANDARD = "gnu++0x";
				CLANG_CXX_LIBRARY = "libc++";
				CLANG_ENABLE_MODULES = YES;
				CLANG_ENABLE_OBJC_ARC = YES;
				CLANG_WARN_BOOL_CONVERSION = YES;
				CLANG_WARN_CONSTANT_CONVERSION = YES;
				CLANG_WARN_DIRECT_OBJC_ISA_USAGE = YES_ERROR;
				CLANG_WARN_EMPTY_BODY = YES;
				CLANG_WARN_ENUM_CONVERSION = YES;
				CLANG_WARN_INT_CONVERSION = YES;
				CLANG_WARN_OBJC_ROOT_CLASS = YES_ERROR;
				CLANG_WARN_UNREACHABLE_CODE = YES;
				CLANG_WARN__DUPLICATE_METHOD_MATCH = YES;
				CODE_SIGN_IDENTITY = "-";
				COPY_PHASE_STRIP = YES;
				DEBUG_INFORMATION_FORMAT = "dwarf-with-dsym";
				ENABLE_NS_ASSERTIONS = NO;
				ENABLE_STRICT_OBJC_MSGSEND = YES;
				GCC_C_LANGUAGE_STANDARD = gnu99;
				GCC_WARN_64_TO_32_BIT_CONVERSION = YES;
				GCC_WARN_ABOUT_RETURN_TYPE = YES_ERROR;
				GCC_WARN_UNDECLARED_SELECTOR = YES;
				GCC_WARN_UNINITIALIZED_AUTOS = YES_AGGRESSIVE;
				GCC_WARN_UNUSED_FUNCTION = YES;
				GCC_WARN_UNUSED_VARIABLE = YES;
				MACOSX_DEPLOYMENT_TARGET = 10.10;
				MTL_ENABLE_DEBUG_INFO = NO;
				SDKROOT = macosx;
			};
			name = Release;
		};
		6873BE4119D680D500709B7E /* Debug */ = {
			isa = XCBuildConfiguration;
			baseConfigurationReference = 872A31E42785476B955F75A7 /* Pods-Ganga.xcconfig */;
			buildSettings = {
				ASSETCATALOG_COMPILER_APPICON_NAME = AppIcon;
				COMBINE_HIDPI_IMAGES = YES;
				INFOPLIST_FILE = Ganga/Info.plist;
				LD_RUNPATH_SEARCH_PATHS = "$(inherited) @executable_path/../Frameworks";
				PRODUCT_NAME = "$(TARGET_NAME)";
			};
			name = Debug;
		};
		6873BE4219D680D500709B7E /* Release */ = {
			isa = XCBuildConfiguration;
			baseConfigurationReference = 872A31E42785476B955F75A7 /* Pods-Ganga.xcconfig */;
			buildSettings = {
				ASSETCATALOG_COMPILER_APPICON_NAME = AppIcon;
				COMBINE_HIDPI_IMAGES = YES;
				INFOPLIST_FILE = Ganga/Info.plist;
				LD_RUNPATH_SEARCH_PATHS = "$(inherited) @executable_path/../Frameworks";
				PRODUCT_NAME = "$(TARGET_NAME)";
			};
			name = Release;
		};
		6873BE4419D680D500709B7E /* Debug */ = {
			isa = XCBuildConfiguration;
			buildSettings = {
				BUNDLE_LOADER = "$(TEST_HOST)";
				COMBINE_HIDPI_IMAGES = YES;
				FRAMEWORK_SEARCH_PATHS = (
					"$(DEVELOPER_FRAMEWORKS_DIR)",
					"$(inherited)",
				);
				GCC_PREPROCESSOR_DEFINITIONS = (
					"DEBUG=1",
					"$(inherited)",
				);
				INFOPLIST_FILE = GangaTests/Info.plist;
				LD_RUNPATH_SEARCH_PATHS = "$(inherited) @executable_path/../Frameworks @loader_path/../Frameworks";
				PRODUCT_NAME = "$(TARGET_NAME)";
				TEST_HOST = "$(BUILT_PRODUCTS_DIR)/Ganga.app/Contents/MacOS/Ganga";
			};
			name = Debug;
		};
		6873BE4519D680D500709B7E /* Release */ = {
			isa = XCBuildConfiguration;
			buildSettings = {
				BUNDLE_LOADER = "$(TEST_HOST)";
				COMBINE_HIDPI_IMAGES = YES;
				FRAMEWORK_SEARCH_PATHS = (
					"$(DEVELOPER_FRAMEWORKS_DIR)",
					"$(inherited)",
				);
				INFOPLIST_FILE = GangaTests/Info.plist;
				LD_RUNPATH_SEARCH_PATHS = "$(inherited) @executable_path/../Frameworks @loader_path/../Frameworks";
				PRODUCT_NAME = "$(TARGET_NAME)";
				TEST_HOST = "$(BUILT_PRODUCTS_DIR)/Ganga.app/Contents/MacOS/Ganga";
			};
			name = Release;
		};
/* End XCBuildConfiguration section */

/* Begin XCConfigurationList section */
		6873BE1B19D680D500709B7E /* Build configuration list for PBXProject "Ganga" */ = {
			isa = XCConfigurationList;
			buildConfigurations = (
				6873BE3E19D680D500709B7E /* Debug */,
				6873BE3F19D680D500709B7E /* Release */,
			);
			defaultConfigurationIsVisible = 0;
			defaultConfigurationName = Release;
		};
		6873BE4019D680D500709B7E /* Build configuration list for PBXNativeTarget "Ganga" */ = {
			isa = XCConfigurationList;
			buildConfigurations = (
				6873BE4119D680D500709B7E /* Debug */,
				6873BE4219D680D500709B7E /* Release */,
			);
			defaultConfigurationIsVisible = 0;
			defaultConfigurationName = Release;
		};
		6873BE4319D680D500709B7E /* Build configuration list for PBXNativeTarget "GangaTests" */ = {
			isa = XCConfigurationList;
			buildConfigurations = (
				6873BE4419D680D500709B7E /* Debug */,
				6873BE4519D680D500709B7E /* Release */,
			);
			defaultConfigurationIsVisible = 0;
			defaultConfigurationName = Release;
		};
/* End XCConfigurationList section */
	};
	rootObject = 6873BE1819D680D500709B7E /* Project object */;
}
